
Microsoft Visual Studio Solution File, Format Version 12.00
# Visual Studio Version 16
VisualStudioVersion = 16.0.31205.134
MinimumVisualStudioVersion = 10.0.40219.1
Project("{FAE04EC0-301F-11D3-BF4B-00C04F79EFBC}") = "NetcoreBeta", "NetcoreBeta\NetcoreBeta.csproj", "{3D3580E2-6C1C-41D3-AAB2-72D2E72F36E5}"
EndProject
Global
	GlobalSection(SolutionConfigurationPlatforms) = preSolution
		Debug|Any CPU = Debug|Any CPU
		Release|Any CPU = Release|Any CPU
	EndGlobalSection
	GlobalSection(ProjectConfigurationPlatforms) = postSolution
		{3D3580E2-6C1C-41D3-AAB2-72D2E72F36E5}.Debug|Any CPU.ActiveCfg = Debug|Any CPU
		{3D3580E2-6C1C-41D3-AAB2-72D2E72F36E5}.Debug|Any CPU.Build.0 = Debug|Any CPU
		{3D3580E2-6C1C-41D3-AAB2-72D2E72F36E5}.Release|Any CPU.ActiveCfg = Release|Any CPU
		{3D3580E2-6C1C-41D3-AAB2-72D2E72F36E5}.Release|Any CPU.Build.0 = Release|Any CPU
	EndGlobalSection
	GlobalSection(SolutionProperties) = preSolution
		HideSolutionNode = FALSE
	EndGlobalSection
	GlobalSection(ExtensibilityGlobals) = postSolution
		SolutionGuid = {A604A282-EAB3-489D-84A6-2901C26D66BC}
	EndGlobalSection
EndGlobal
